// !$*UTF8*$!
{
	archiveVersion = 1;
	classes = {
	};
	objectVersion = 46;
	objects = {

/* Begin PBXBuildFile section */
		720F4E982C6C5EDF006EDBBA /* moc_LogWidget.cpp in Build Sources */ = {isa = PBXBuildFile; fileRef = 720F4E952C6C5EDF006EDBBA /* moc_LogWidget.cpp */; };
		720F4E992C6C5EDF006EDBBA /* LogWidget.cpp in Build Sources */ = {isa = PBXBuildFile; fileRef = 720F4E972C6C5EDF006EDBBA /* LogWidget.cpp */; };
		7245795D2E6B378200930CCA /* transmit.c in Build Sources */ = {isa = PBXBuildFile; fileRef = 7245795C2E6B378200930CCA /* transmit.c */; };
		7245795E2E6B378200930CCA /* receive.c in Build Sources */ = {isa = PBXBuildFile; fileRef = 724579592E6B378200930CCA /* receive.c */; };
		7245795F2E6B378200930CCA /* tod.c in Build Sources */ = {isa = PBXBuildFile; fileRef = 7245795B2E6B378200930CCA /* tod.c */; };
		724579602E6B378200930CCA /* misc.c in Build Sources */ = {isa = PBXBuildFile; fileRef = 724579552E6B378200930CCA /* misc.c */; };
		724579612E6B378200930CCA /* artnet.c in Build Sources */ = {isa = PBXBuildFile; fileRef = 724579522E6B378200930CCA /* artnet.c */; };
		724579622E6B378200930CCA /* network.c in Build Sources */ = {isa = PBXBuildFile; fileRef = 724579562E6B378200930CCA /* network.c */; };
		724579D92E6B39C400930CCA /* MemPool.cpp in Build Sources */ = {isa = PBXBuildFile; fileRef = 724579BE2E6B39C400930CCA /* MemPool.cpp */; };
		724579DB2E6B39C400930CCA /* StreamClient.cpp in Build Sources */ = {isa = PBXBuildFile; fileRef = 724579812E6B39C400930CCA /* StreamClient.cpp */; };
		724579DC2E6B39C400930CCA /* OSXStreamServer.cpp in Build Sources */ = {isa = PBXBuildFile; fileRef = 7245798E2E6B39C400930CCA /* OSXStreamServer.cpp */; };
		724579DE2E6B39C400930CCA /* ObjectSync.cpp in Build Sources */ = {isa = PBXBuildFile; fileRef = 724579C02E6B39C400930CCA /* ObjectSync.cpp */; };
		724579DF2E6B39C400930CCA /* IfaceSupport.cpp in Build Sources */ = {isa = PBXBuildFile; fileRef = 724579A92E6B39C400930CCA /* IfaceSupport.cpp */; };
		724579E12E6B39C400930CCA /* tock.cpp in Build Sources */ = {isa = PBXBuildFile; fileRef = 724579CC2E6B39C400930CCA /* tock.cpp */; };
		724579E22E6B39C400930CCA /* CID.cpp in Build Sources */ = {isa = PBXBuildFile; fileRef = 7245799E2E6B39C400930CCA /* CID.cpp */; };
		724579E42E6B39C400930CCA /* OSXStreamClient.cpp in Build Sources */ = {isa = PBXBuildFile; fileRef = 7245797E2E6B39C400930CCA /* OSXStreamClient.cpp */; };
		724579E62E6B39C400930CCA /* streamcommon.cpp in Build Sources */ = {isa = PBXBuildFile; fileRef = 7245798A2E6B39C400930CCA /* streamcommon.cpp */; };
		724579E72E6B39C400930CCA /* Subscriptions.cpp in Build Sources */ = {isa = PBXBuildFile; fileRef = 724579AE2E6B39C400930CCA /* Subscriptions.cpp */; };
		724579E92E6B39C400930CCA /* VHD.cpp in Build Sources */ = {isa = PBXBuildFile; fileRef = 7245799B2E6B39C400930CCA /* VHD.cpp */; };
		724579EA2E6B39C400930CCA /* ipaddr.cpp in Build Sources */ = {isa = PBXBuildFile; fileRef = 7245799F2E6B39C400930CCA /* ipaddr.cpp */; };
		724579EC2E6B39C400930CCA /* AsyncSocketServ_select.cpp in Build Sources */ = {isa = PBXBuildFile; fileRef = 724579A72E6B39C400930CCA /* AsyncSocketServ_select.cpp */; };
		724579ED2E6B39C400930CCA /* ReaderWriter.cpp in Build Sources */ = {isa = PBXBuildFile; fileRef = 724579C22E6B39C400930CCA /* ReaderWriter.cpp */; };
		724579EE2E6B39C400930CCA /* StreamServer.cpp in Build Sources */ = {isa = PBXBuildFile; fileRef = 724579912E6B39C400930CCA /* StreamServer.cpp */; };
		724579F02E6B39C400930CCA /* interlock.cpp in Build Sources */ = {isa = PBXBuildFile; fileRef = 724579BC2E6B39C400930CCA /* interlock.cpp */; };
		724579F32E6B443600930CCA /* qt.qrc.cpp in Build Sources */ = {isa = PBXBuildFile; fileRef = 724579F22E6B443600930CCA /* qt.qrc.cpp */; };
		72BA0CD32C5D9B340017E069 /* QtQml.framework in Frameworks & Libraries */ = {isa = PBXBuildFile; fileRef = 72BA0CD22C5D9B340017E069 /* QtQml.framework */; };
		72C19E3C209D1B0400113A34 /* QtCore.framework in Frameworks & Libraries */ = {isa = PBXBuildFile; fileRef = 692D5B5B1FD5D415003CBAA4 /* QtCore.framework */; };
		72C19E3D209D1B0400113A34 /* QtGui.framework in Frameworks & Libraries */ = {isa = PBXBuildFile; fileRef = 692D5B591FD5D415003CBAA4 /* QtGui.framework */; };
		72C19E3E209D1B0400113A34 /* QtNetwork.framework in Frameworks & Libraries */ = {isa = PBXBuildFile; fileRef = 692D5B5C1FD5D415003CBAA4 /* QtNetwork.framework */; };
		72C19E3F209D1B0400113A34 /* QtWidgets.framework in Frameworks & Libraries */ = {isa = PBXBuildFile; fileRef = 692D5B5A1FD5D415003CBAA4 /* QtWidgets.framework */; };
		9730C2E71AB7C0230039899F /* moc_MainWindow.cpp in Build Sources */ = {isa = PBXBuildFile; fileRef = 9730C2E51AB7C0230039899F /* moc_MainWindow.cpp */; };
		9730C2EC1AB7C1CE0039899F /* eos.icns in Bundle Resources */ = {isa = PBXBuildFile; fileRef = 9730C2EB1AB7C1CE0039899F /* eos.icns */; };
		977D1FB11BC4CE6200CDAFB4 /* EosPlatform.cpp in Build Sources */ = {isa = PBXBuildFile; fileRef = 977D1FB01BC4CE6200CDAFB4 /* EosPlatform.cpp */; };
		977D1FB41BC4CF0100CDAFB4 /* EosPlatform_Mac.cpp in Build Sources */ = {isa = PBXBuildFile; fileRef = 977D1FB21BC4CF0100CDAFB4 /* EosPlatform_Mac.cpp */; };
		977D1FB91BC4D8B600CDAFB4 /* EosPlatform_Mac_Native.mm in Build Sources */ = {isa = PBXBuildFile; fileRef = 977D1FB81BC4D8B600CDAFB4 /* EosPlatform_Mac_Native.mm */; };
		979091D91B1912D400E4291B /* EosUdp_Mac.cpp in Build Sources */ = {isa = PBXBuildFile; fileRef = 979091D51B1912D400E4291B /* EosUdp_Mac.cpp */; };
		979091DA1B1912D400E4291B /* EosUdp.cpp in Build Sources */ = {isa = PBXBuildFile; fileRef = 979091D71B1912D400E4291B /* EosUdp.cpp */; };
		97965F681B6C1311006C8852 /* ItemState.cpp in Build Sources */ = {isa = PBXBuildFile; fileRef = 97965F621B6C1311006C8852 /* ItemState.cpp */; };
		97965F691B6C1311006C8852 /* NetworkUtils.cpp in Build Sources */ = {isa = PBXBuildFile; fileRef = 97965F641B6C1311006C8852 /* NetworkUtils.cpp */; };
		97965F6A1B6C1311006C8852 /* Router.cpp in Build Sources */ = {isa = PBXBuildFile; fileRef = 97965F661B6C1311006C8852 /* Router.cpp */; };
		97E137371AB28C3A0056BE05 /* main.cpp in Build Sources */ = {isa = PBXBuildFile; fileRef = 97E137331AB28C3A0056BE05 /* main.cpp */; };
		97E137381AB28C3A0056BE05 /* MainWindow.cpp in Build Sources */ = {isa = PBXBuildFile; fileRef = 97E137341AB28C3A0056BE05 /* MainWindow.cpp */; };
		97E137481AB28C720056BE05 /* EosLog.cpp in Build Sources */ = {isa = PBXBuildFile; fileRef = 97E1373A1AB28C720056BE05 /* EosLog.cpp */; };
		97E137491AB28C720056BE05 /* EosOsc.cpp in Build Sources */ = {isa = PBXBuildFile; fileRef = 97E1373C1AB28C720056BE05 /* EosOsc.cpp */; };
		97E1374A1AB28C720056BE05 /* EosSyncLib.cpp in Build Sources */ = {isa = PBXBuildFile; fileRef = 97E1373E1AB28C720056BE05 /* EosSyncLib.cpp */; };
		97E1374B1AB28C720056BE05 /* EosTcp_Mac.cpp in Build Sources */ = {isa = PBXBuildFile; fileRef = 97E137401AB28C720056BE05 /* EosTcp_Mac.cpp */; };
		97E1374C1AB28C720056BE05 /* EosTcp.cpp in Build Sources */ = {isa = PBXBuildFile; fileRef = 97E137421AB28C720056BE05 /* EosTcp.cpp */; };
		97E1374D1AB28C720056BE05 /* EosTimer.cpp in Build Sources */ = {isa = PBXBuildFile; fileRef = 97E137441AB28C720056BE05 /* EosTimer.cpp */; };
		97E1374E1AB28C720056BE05 /* OSCParser.cpp in Build Sources */ = {isa = PBXBuildFile; fileRef = 97E137461AB28C720056BE05 /* OSCParser.cpp */; };
/* End PBXBuildFile section */

/* Begin PBXFileReference section */
		692D5B591FD5D415003CBAA4 /* QtGui.framework */ = {isa = PBXFileReference; lastKnownFileType = wrapper.framework; name = QtGui.framework; path = /usr/local/Qt/6.9.2/macos/lib/QtGui.framework; sourceTree = "<absolute>"; };
		692D5B5A1FD5D415003CBAA4 /* QtWidgets.framework */ = {isa = PBXFileReference; lastKnownFileType = wrapper.framework; name = QtWidgets.framework; path = /usr/local/Qt/6.9.2/macos/lib/QtWidgets.framework; sourceTree = "<absolute>"; };
		692D5B5B1FD5D415003CBAA4 /* QtCore.framework */ = {isa = PBXFileReference; lastKnownFileType = wrapper.framework; name = QtCore.framework; path = /usr/local/Qt/6.9.2/macos/lib/QtCore.framework; sourceTree = "<absolute>"; };
		692D5B5C1FD5D415003CBAA4 /* QtNetwork.framework */ = {isa = PBXFileReference; lastKnownFileType = wrapper.framework; name = QtNetwork.framework; path = /usr/local/Qt/6.9.2/macos/lib/QtNetwork.framework; sourceTree = "<absolute>"; };
		720F4E952C6C5EDF006EDBBA /* moc_LogWidget.cpp */ = {isa = PBXFileReference; fileEncoding = 4; lastKnownFileType = sourcecode.cpp.cpp; name = moc_LogWidget.cpp; path = OSCRouter/moc_LogWidget.cpp; sourceTree = SOURCE_ROOT; };
		720F4E962C6C5EDF006EDBBA /* LogWidget.h */ = {isa = PBXFileReference; fileEncoding = 4; lastKnownFileType = sourcecode.c.h; name = LogWidget.h; path = OSCRouter/LogWidget.h; sourceTree = SOURCE_ROOT; };
		720F4E972C6C5EDF006EDBBA /* LogWidget.cpp */ = {isa = PBXFileReference; fileEncoding = 4; lastKnownFileType = sourcecode.cpp.cpp; name = LogWidget.cpp; path = OSCRouter/LogWidget.cpp; sourceTree = SOURCE_ROOT; };
		7245794A2E6B36E800930CCA /* psn_decoder.hpp */ = {isa = PBXFileReference; lastKnownFileType = sourcecode.cpp.h; path = psn_decoder.hpp; sourceTree = "<group>"; };
		7245794B2E6B36E800930CCA /* psn_decoder_impl.hpp */ = {isa = PBXFileReference; lastKnownFileType = sourcecode.cpp.h; path = psn_decoder_impl.hpp; sourceTree = "<group>"; };
		7245794C2E6B36E800930CCA /* psn_defs.hpp */ = {isa = PBXFileReference; lastKnownFileType = sourcecode.cpp.h; path = psn_defs.hpp; sourceTree = "<group>"; };
		7245794D2E6B36E800930CCA /* psn_encoder.hpp */ = {isa = PBXFileReference; lastKnownFileType = sourcecode.cpp.h; path = psn_encoder.hpp; sourceTree = "<group>"; };
		7245794E2E6B36E800930CCA /* psn_encoder_impl.hpp */ = {isa = PBXFileReference; lastKnownFileType = sourcecode.cpp.h; path = psn_encoder_impl.hpp; sourceTree = "<group>"; };
		7245794F2E6B36E800930CCA /* psn_lib.hpp */ = {isa = PBXFileReference; lastKnownFileType = sourcecode.cpp.h; path = psn_lib.hpp; sourceTree = "<group>"; };
		724579512E6B378200930CCA /* artnet.h */ = {isa = PBXFileReference; lastKnownFileType = sourcecode.c.h; path = artnet.h; sourceTree = "<group>"; };
		724579522E6B378200930CCA /* artnet.c */ = {isa = PBXFileReference; lastKnownFileType = sourcecode.c.c; path = artnet.c; sourceTree = "<group>"; };
		724579532E6B378200930CCA /* common.h */ = {isa = PBXFileReference; lastKnownFileType = sourcecode.c.h; path = common.h; sourceTree = "<group>"; };
		724579542E6B378200930CCA /* misc.h */ = {isa = PBXFileReference; lastKnownFileType = sourcecode.c.h; path = misc.h; sourceTree = "<group>"; };
		724579552E6B378200930CCA /* misc.c */ = {isa = PBXFileReference; lastKnownFileType = sourcecode.c.c; path = misc.c; sourceTree = "<group>"; };
		724579562E6B378200930CCA /* network.c */ = {isa = PBXFileReference; lastKnownFileType = sourcecode.c.c; path = network.c; sourceTree = "<group>"; };
		724579572E6B378200930CCA /* packets.h */ = {isa = PBXFileReference; lastKnownFileType = sourcecode.c.h; path = packets.h; sourceTree = "<group>"; };
		724579582E6B378200930CCA /* private.h */ = {isa = PBXFileReference; lastKnownFileType = sourcecode.c.h; path = private.h; sourceTree = "<group>"; };
		724579592E6B378200930CCA /* receive.c */ = {isa = PBXFileReference; lastKnownFileType = sourcecode.c.c; path = receive.c; sourceTree = "<group>"; };
		7245795A2E6B378200930CCA /* tod.h */ = {isa = PBXFileReference; lastKnownFileType = sourcecode.c.h; path = tod.h; sourceTree = "<group>"; };
		7245795B2E6B378200930CCA /* tod.c */ = {isa = PBXFileReference; lastKnownFileType = sourcecode.c.c; path = tod.c; sourceTree = "<group>"; };
		7245795C2E6B378200930CCA /* transmit.c */ = {isa = PBXFileReference; lastKnownFileType = sourcecode.c.c; path = transmit.c; sourceTree = "<group>"; };
		7245797C2E6B39C400930CCA /* OSX_StreamACNCliInterface.h */ = {isa = PBXFileReference; lastKnownFileType = sourcecode.c.h; path = OSX_StreamACNCliInterface.h; sourceTree = "<group>"; };
		7245797D2E6B39C400930CCA /* OSXStreamClient.h */ = {isa = PBXFileReference; lastKnownFileType = sourcecode.c.h; path = OSXStreamClient.h; sourceTree = "<group>"; };
		7245797E2E6B39C400930CCA /* OSXStreamClient.cpp */ = {isa = PBXFileReference; lastKnownFileType = sourcecode.cpp.cpp; path = OSXStreamClient.cpp; sourceTree = "<group>"; };
		724579802E6B39C400930CCA /* StreamClient.h */ = {isa = PBXFileReference; lastKnownFileType = sourcecode.c.h; path = StreamClient.h; sourceTree = "<group>"; };
		724579812E6B39C400930CCA /* StreamClient.cpp */ = {isa = PBXFileReference; lastKnownFileType = sourcecode.cpp.cpp; path = StreamClient.cpp; sourceTree = "<group>"; };
		724579872E6B39C400930CCA /* StreamACNCliInterface.h */ = {isa = PBXFileReference; lastKnownFileType = sourcecode.c.h; path = StreamACNCliInterface.h; sourceTree = "<group>"; };
		724579892E6B39C400930CCA /* streamcommon.h */ = {isa = PBXFileReference; lastKnownFileType = sourcecode.c.h; path = streamcommon.h; sourceTree = "<group>"; };
		7245798A2E6B39C400930CCA /* streamcommon.cpp */ = {isa = PBXFileReference; lastKnownFileType = sourcecode.cpp.cpp; path = streamcommon.cpp; sourceTree = "<group>"; };
		7245798C2E6B39C400930CCA /* OSX_StreamACNSrvInterface.h */ = {isa = PBXFileReference; lastKnownFileType = sourcecode.c.h; path = OSX_StreamACNSrvInterface.h; sourceTree = "<group>"; };
		7245798D2E6B39C400930CCA /* OSXStreamServer.h */ = {isa = PBXFileReference; lastKnownFileType = sourcecode.c.h; path = OSXStreamServer.h; sourceTree = "<group>"; };
		7245798E2E6B39C400930CCA /* OSXStreamServer.cpp */ = {isa = PBXFileReference; lastKnownFileType = sourcecode.cpp.cpp; path = OSXStreamServer.cpp; sourceTree = "<group>"; };
		724579902E6B39C400930CCA /* StreamServer.h */ = {isa = PBXFileReference; lastKnownFileType = sourcecode.c.h; path = StreamServer.h; sourceTree = "<group>"; };
		724579912E6B39C400930CCA /* StreamServer.cpp */ = {isa = PBXFileReference; lastKnownFileType = sourcecode.cpp.cpp; path = StreamServer.cpp; sourceTree = "<group>"; };
		724579972E6B39C400930CCA /* StreamACNSrvInterface.h */ = {isa = PBXFileReference; lastKnownFileType = sourcecode.c.h; path = StreamACNSrvInterface.h; sourceTree = "<group>"; };
		7245799A2E6B39C400930CCA /* VHD.h */ = {isa = PBXFileReference; lastKnownFileType = sourcecode.c.h; path = VHD.h; sourceTree = "<group>"; };
		7245799B2E6B39C400930CCA /* VHD.cpp */ = {isa = PBXFileReference; lastKnownFileType = sourcecode.cpp.cpp; path = VHD.cpp; sourceTree = "<group>"; };
		7245799E2E6B39C400930CCA /* CID.cpp */ = {isa = PBXFileReference; lastKnownFileType = sourcecode.cpp.cpp; path = CID.cpp; sourceTree = "<group>"; };
		7245799F2E6B39C400930CCA /* ipaddr.cpp */ = {isa = PBXFileReference; lastKnownFileType = sourcecode.cpp.cpp; path = ipaddr.cpp; sourceTree = "<group>"; };
		724579A12E6B39C400930CCA /* CID.h */ = {isa = PBXFileReference; lastKnownFileType = sourcecode.c.h; path = CID.h; sourceTree = "<group>"; };
		724579A22E6B39C400930CCA /* ipaddr.h */ = {isa = PBXFileReference; lastKnownFileType = sourcecode.c.h; path = ipaddr.h; sourceTree = "<group>"; };
		724579A62E6B39C400930CCA /* AsyncSocketServ_select.h */ = {isa = PBXFileReference; lastKnownFileType = sourcecode.c.h; path = AsyncSocketServ_select.h; sourceTree = "<group>"; };
		724579A72E6B39C400930CCA /* AsyncSocketServ_select.cpp */ = {isa = PBXFileReference; lastKnownFileType = sourcecode.cpp.cpp; path = AsyncSocketServ_select.cpp; sourceTree = "<group>"; };
		724579A82E6B39C400930CCA /* IfaceSupport.h */ = {isa = PBXFileReference; lastKnownFileType = sourcecode.c.h; path = IfaceSupport.h; sourceTree = "<group>"; };
		724579A92E6B39C400930CCA /* IfaceSupport.cpp */ = {isa = PBXFileReference; lastKnownFileType = sourcecode.cpp.cpp; path = IfaceSupport.cpp; sourceTree = "<group>"; };
		724579AA2E6B39C400930CCA /* OSX_AsyncSocketInterface.h */ = {isa = PBXFileReference; lastKnownFileType = sourcecode.c.h; path = OSX_AsyncSocketInterface.h; sourceTree = "<group>"; };
		724579AC2E6B39C400930CCA /* SockUtil.h */ = {isa = PBXFileReference; lastKnownFileType = sourcecode.c.h; path = SockUtil.h; sourceTree = "<group>"; };
		724579AD2E6B39C400930CCA /* Subscriptions.h */ = {isa = PBXFileReference; lastKnownFileType = sourcecode.c.h; path = Subscriptions.h; sourceTree = "<group>"; };
		724579AE2E6B39C400930CCA /* Subscriptions.cpp */ = {isa = PBXFileReference; lastKnownFileType = sourcecode.cpp.cpp; path = Subscriptions.cpp; sourceTree = "<group>"; };
		724579B42E6B39C400930CCA /* AsyncSocketInterface.h */ = {isa = PBXFileReference; lastKnownFileType = sourcecode.c.h; path = AsyncSocketInterface.h; sourceTree = "<group>"; };
		724579B62E6B39C400930CCA /* defpack.h */ = {isa = PBXFileReference; lastKnownFileType = sourcecode.c.h; path = defpack.h; sourceTree = "<group>"; };
		724579BB2E6B39C400930CCA /* interlock.h */ = {isa = PBXFileReference; lastKnownFileType = sourcecode.c.h; path = interlock.h; sourceTree = "<group>"; };
		724579BC2E6B39C400930CCA /* interlock.cpp */ = {isa = PBXFileReference; lastKnownFileType = sourcecode.cpp.cpp; path = interlock.cpp; sourceTree = "<group>"; };
		724579BD2E6B39C400930CCA /* MemPool.h */ = {isa = PBXFileReference; lastKnownFileType = sourcecode.c.h; path = MemPool.h; sourceTree = "<group>"; };
		724579BE2E6B39C400930CCA /* MemPool.cpp */ = {isa = PBXFileReference; lastKnownFileType = sourcecode.cpp.cpp; path = MemPool.cpp; sourceTree = "<group>"; };
		724579BF2E6B39C400930CCA /* ObjectSync.h */ = {isa = PBXFileReference; lastKnownFileType = sourcecode.c.h; path = ObjectSync.h; sourceTree = "<group>"; };
		724579C02E6B39C400930CCA /* ObjectSync.cpp */ = {isa = PBXFileReference; lastKnownFileType = sourcecode.cpp.cpp; path = ObjectSync.cpp; sourceTree = "<group>"; };
		724579C12E6B39C400930CCA /* ReaderWriter.h */ = {isa = PBXFileReference; lastKnownFileType = sourcecode.c.h; path = ReaderWriter.h; sourceTree = "<group>"; };
		724579C22E6B39C400930CCA /* ReaderWriter.cpp */ = {isa = PBXFileReference; lastKnownFileType = sourcecode.cpp.cpp; path = ReaderWriter.cpp; sourceTree = "<group>"; };
		724579CC2E6B39C400930CCA /* tock.cpp */ = {isa = PBXFileReference; lastKnownFileType = sourcecode.cpp.cpp; path = tock.cpp; sourceTree = "<group>"; };
		724579D02E6B39C400930CCA /* tock.h */ = {isa = PBXFileReference; lastKnownFileType = sourcecode.c.h; path = tock.h; sourceTree = "<group>"; };
		724579D32E6B39C400930CCA /* deftypes.h */ = {isa = PBXFileReference; lastKnownFileType = sourcecode.c.h; path = deftypes.h; sourceTree = "<group>"; };
		724579F22E6B443600930CCA /* qt.qrc.cpp */ = {isa = PBXFileReference; lastKnownFileType = sourcecode.cpp.cpp; name = qt.qrc.cpp; path = OSCRouter/qt.qrc.cpp; sourceTree = "<group>"; };
		72BA0CD22C5D9B340017E069 /* QtQml.framework */ = {isa = PBXFileReference; lastKnownFileType = wrapper.framework; name = QtQml.framework; path = ../../../../usr/local/Qt/6.9.2/macos/lib/QtQml.framework; sourceTree = "<group>"; };
		9730C2E51AB7C0230039899F /* moc_MainWindow.cpp */ = {isa = PBXFileReference; fileEncoding = 4; lastKnownFileType = sourcecode.cpp.cpp; name = moc_MainWindow.cpp; path = OSCRouter/moc_MainWindow.cpp; sourceTree = SOURCE_ROOT; };
		9730C2EB1AB7C1CE0039899F /* eos.icns */ = {isa = PBXFileReference; lastKnownFileType = image.icns; path = eos.icns; sourceTree = SOURCE_ROOT; };
		977D1FAF1BC4CD2E00CDAFB4 /* EosPlatform.h */ = {isa = PBXFileReference; lastKnownFileType = sourcecode.c.h; name = EosPlatform.h; path = OSCRouter/EosPlatform.h; sourceTree = SOURCE_ROOT; };
		977D1FB01BC4CE6200CDAFB4 /* EosPlatform.cpp */ = {isa = PBXFileReference; fileEncoding = 4; lastKnownFileType = sourcecode.cpp.cpp; name = EosPlatform.cpp; path = OSCRouter/EosPlatform.cpp; sourceTree = SOURCE_ROOT; };
		977D1FB21BC4CF0100CDAFB4 /* EosPlatform_Mac.cpp */ = {isa = PBXFileReference; fileEncoding = 4; lastKnownFileType = sourcecode.cpp.cpp; name = EosPlatform_Mac.cpp; path = OSCRouter/EosPlatform_Mac.cpp; sourceTree = SOURCE_ROOT; };
		977D1FB31BC4CF0100CDAFB4 /* EosPlatform_Mac.h */ = {isa = PBXFileReference; fileEncoding = 4; lastKnownFileType = sourcecode.c.h; name = EosPlatform_Mac.h; path = OSCRouter/EosPlatform_Mac.h; sourceTree = SOURCE_ROOT; };
		977D1FB61BC4D6E800CDAFB4 /* EosPlatform_Mac_Bridge.h */ = {isa = PBXFileReference; fileEncoding = 4; lastKnownFileType = sourcecode.c.h; name = EosPlatform_Mac_Bridge.h; path = OSCRouter/EosPlatform_Mac_Bridge.h; sourceTree = SOURCE_ROOT; };
		977D1FB81BC4D8B600CDAFB4 /* EosPlatform_Mac_Native.mm */ = {isa = PBXFileReference; fileEncoding = 4; lastKnownFileType = sourcecode.cpp.objcpp; name = EosPlatform_Mac_Native.mm; path = OSCRouter/EosPlatform_Mac_Native.mm; sourceTree = SOURCE_ROOT; };
		979091D51B1912D400E4291B /* EosUdp_Mac.cpp */ = {isa = PBXFileReference; fileEncoding = 4; lastKnownFileType = sourcecode.cpp.cpp; name = EosUdp_Mac.cpp; path = ../EosSyncLib/EosSyncLib/EosUdp_Mac.cpp; sourceTree = SOURCE_ROOT; };
		979091D61B1912D400E4291B /* EosUdp_Mac.h */ = {isa = PBXFileReference; fileEncoding = 4; lastKnownFileType = sourcecode.c.h; name = EosUdp_Mac.h; path = ../EosSyncLib/EosSyncLib/EosUdp_Mac.h; sourceTree = SOURCE_ROOT; };
		979091D71B1912D400E4291B /* EosUdp.cpp */ = {isa = PBXFileReference; fileEncoding = 4; lastKnownFileType = sourcecode.cpp.cpp; name = EosUdp.cpp; path = ../EosSyncLib/EosSyncLib/EosUdp.cpp; sourceTree = "<group>"; };
		979091D81B1912D400E4291B /* EosUdp.h */ = {isa = PBXFileReference; fileEncoding = 4; lastKnownFileType = sourcecode.c.h; name = EosUdp.h; path = ../EosSyncLib/EosSyncLib/EosUdp.h; sourceTree = "<group>"; };
		97965F621B6C1311006C8852 /* ItemState.cpp */ = {isa = PBXFileReference; fileEncoding = 4; lastKnownFileType = sourcecode.cpp.cpp; name = ItemState.cpp; path = OSCRouter/ItemState.cpp; sourceTree = SOURCE_ROOT; };
		97965F631B6C1311006C8852 /* ItemState.h */ = {isa = PBXFileReference; fileEncoding = 4; lastKnownFileType = sourcecode.c.h; name = ItemState.h; path = OSCRouter/ItemState.h; sourceTree = SOURCE_ROOT; };
		97965F641B6C1311006C8852 /* NetworkUtils.cpp */ = {isa = PBXFileReference; fileEncoding = 4; lastKnownFileType = sourcecode.cpp.cpp; name = NetworkUtils.cpp; path = OSCRouter/NetworkUtils.cpp; sourceTree = SOURCE_ROOT; };
		97965F651B6C1311006C8852 /* NetworkUtils.h */ = {isa = PBXFileReference; fileEncoding = 4; lastKnownFileType = sourcecode.c.h; name = NetworkUtils.h; path = OSCRouter/NetworkUtils.h; sourceTree = SOURCE_ROOT; };
		97965F661B6C1311006C8852 /* Router.cpp */ = {isa = PBXFileReference; fileEncoding = 4; lastKnownFileType = sourcecode.cpp.cpp; name = Router.cpp; path = OSCRouter/Router.cpp; sourceTree = SOURCE_ROOT; };
		97965F671B6C1311006C8852 /* Router.h */ = {isa = PBXFileReference; fileEncoding = 4; lastKnownFileType = sourcecode.c.h; name = Router.h; path = OSCRouter/Router.h; sourceTree = SOURCE_ROOT; };
		97B5A2201BFCF8CE001B1AC7 /* EosPlatform_Mac_Native.h */ = {isa = PBXFileReference; lastKnownFileType = sourcecode.c.h; name = EosPlatform_Mac_Native.h; path = OSCRouter/EosPlatform_Mac_Native.h; sourceTree = SOURCE_ROOT; };
		97E1372C1AB289DC0056BE05 /* OSCRouter.app */ = {isa = PBXFileReference; explicitFileType = wrapper.application; includeInIndex = 0; path = OSCRouter.app; sourceTree = BUILT_PRODUCTS_DIR; };
		97E137331AB28C3A0056BE05 /* main.cpp */ = {isa = PBXFileReference; fileEncoding = 4; lastKnownFileType = sourcecode.cpp.cpp; name = main.cpp; path = OSCRouter/main.cpp; sourceTree = SOURCE_ROOT; };
		97E137341AB28C3A0056BE05 /* MainWindow.cpp */ = {isa = PBXFileReference; fileEncoding = 4; lastKnownFileType = sourcecode.cpp.cpp; name = MainWindow.cpp; path = OSCRouter/MainWindow.cpp; sourceTree = SOURCE_ROOT; };
		97E137351AB28C3A0056BE05 /* MainWindow.h */ = {isa = PBXFileReference; fileEncoding = 4; lastKnownFileType = sourcecode.c.h; name = MainWindow.h; path = OSCRouter/MainWindow.h; sourceTree = SOURCE_ROOT; };
		97E137361AB28C3A0056BE05 /* QtInclude.h */ = {isa = PBXFileReference; fileEncoding = 4; lastKnownFileType = sourcecode.c.h; name = QtInclude.h; path = OSCRouter/QtInclude.h; sourceTree = SOURCE_ROOT; };
		97E1373A1AB28C720056BE05 /* EosLog.cpp */ = {isa = PBXFileReference; fileEncoding = 4; lastKnownFileType = sourcecode.cpp.cpp; name = EosLog.cpp; path = ../EosSyncLib/EosSyncLib/EosLog.cpp; sourceTree = SOURCE_ROOT; };
		97E1373B1AB28C720056BE05 /* EosLog.h */ = {isa = PBXFileReference; fileEncoding = 4; lastKnownFileType = sourcecode.c.h; name = EosLog.h; path = ../EosSyncLib/EosSyncLib/EosLog.h; sourceTree = SOURCE_ROOT; };
		97E1373C1AB28C720056BE05 /* EosOsc.cpp */ = {isa = PBXFileReference; fileEncoding = 4; lastKnownFileType = sourcecode.cpp.cpp; name = EosOsc.cpp; path = ../EosSyncLib/EosSyncLib/EosOsc.cpp; sourceTree = SOURCE_ROOT; };
		97E1373D1AB28C720056BE05 /* EosOsc.h */ = {isa = PBXFileReference; fileEncoding = 4; lastKnownFileType = sourcecode.c.h; name = EosOsc.h; path = ../EosSyncLib/EosSyncLib/EosOsc.h; sourceTree = SOURCE_ROOT; };
		97E1373E1AB28C720056BE05 /* EosSyncLib.cpp */ = {isa = PBXFileReference; fileEncoding = 4; lastKnownFileType = sourcecode.cpp.cpp; name = EosSyncLib.cpp; path = ../EosSyncLib/EosSyncLib/EosSyncLib.cpp; sourceTree = SOURCE_ROOT; };
		97E1373F1AB28C720056BE05 /* EosSyncLib.h */ = {isa = PBXFileReference; fileEncoding = 4; lastKnownFileType = sourcecode.c.h; name = EosSyncLib.h; path = ../EosSyncLib/EosSyncLib/EosSyncLib.h; sourceTree = SOURCE_ROOT; };
		97E137401AB28C720056BE05 /* EosTcp_Mac.cpp */ = {isa = PBXFileReference; fileEncoding = 4; lastKnownFileType = sourcecode.cpp.cpp; name = EosTcp_Mac.cpp; path = ../EosSyncLib/EosSyncLib/EosTcp_Mac.cpp; sourceTree = SOURCE_ROOT; };
		97E137411AB28C720056BE05 /* EosTcp_Mac.h */ = {isa = PBXFileReference; fileEncoding = 4; lastKnownFileType = sourcecode.c.h; name = EosTcp_Mac.h; path = ../EosSyncLib/EosSyncLib/EosTcp_Mac.h; sourceTree = SOURCE_ROOT; };
		97E137421AB28C720056BE05 /* EosTcp.cpp */ = {isa = PBXFileReference; fileEncoding = 4; lastKnownFileType = sourcecode.cpp.cpp; name = EosTcp.cpp; path = ../EosSyncLib/EosSyncLib/EosTcp.cpp; sourceTree = SOURCE_ROOT; };
		97E137431AB28C720056BE05 /* EosTcp.h */ = {isa = PBXFileReference; fileEncoding = 4; lastKnownFileType = sourcecode.c.h; name = EosTcp.h; path = ../EosSyncLib/EosSyncLib/EosTcp.h; sourceTree = SOURCE_ROOT; };
		97E137441AB28C720056BE05 /* EosTimer.cpp */ = {isa = PBXFileReference; fileEncoding = 4; lastKnownFileType = sourcecode.cpp.cpp; name = EosTimer.cpp; path = ../EosSyncLib/EosSyncLib/EosTimer.cpp; sourceTree = SOURCE_ROOT; };
		97E137451AB28C720056BE05 /* EosTimer.h */ = {isa = PBXFileReference; fileEncoding = 4; lastKnownFileType = sourcecode.c.h; name = EosTimer.h; path = ../EosSyncLib/EosSyncLib/EosTimer.h; sourceTree = SOURCE_ROOT; };
		97E137461AB28C720056BE05 /* OSCParser.cpp */ = {isa = PBXFileReference; fileEncoding = 4; lastKnownFileType = sourcecode.cpp.cpp; name = OSCParser.cpp; path = ../EosSyncLib/EosSyncLib/OSCParser.cpp; sourceTree = SOURCE_ROOT; };
		97E137471AB28C720056BE05 /* OSCParser.h */ = {isa = PBXFileReference; fileEncoding = 4; lastKnownFileType = sourcecode.c.h; name = OSCParser.h; path = ../EosSyncLib/EosSyncLib/OSCParser.h; sourceTree = SOURCE_ROOT; };
/* End PBXFileReference section */

/* Begin PBXFrameworksBuildPhase section */
		2A1043669E6E5A7426EA502A /* Frameworks & Libraries */ = {
			isa = PBXFrameworksBuildPhase;
			buildActionMask = 2147483647;
			files = (
				72C19E3C209D1B0400113A34 /* QtCore.framework in Frameworks & Libraries */,
				72C19E3D209D1B0400113A34 /* QtGui.framework in Frameworks & Libraries */,
				72BA0CD32C5D9B340017E069 /* QtQml.framework in Frameworks & Libraries */,
				72C19E3E209D1B0400113A34 /* QtNetwork.framework in Frameworks & Libraries */,
				72C19E3F209D1B0400113A34 /* QtWidgets.framework in Frameworks & Libraries */,
			);
			name = "Frameworks & Libraries";
			runOnlyForDeploymentPostprocessing = 0;
		};
/* End PBXFrameworksBuildPhase section */

/* Begin PBXGroup section */
		05596AB53D8D521C69802C27 /* OSCRouter */ = {
			isa = PBXGroup;
			children = (
				97E137301AB28C0D0056BE05 /* EosSyncLib */,
				97E137311AB28C1A0056BE05 /* OSCRouter */,
			);
			name = OSCRouter;
			sourceTree = "<unknown>";
		};
		724579492E6B36CE00930CCA /* psn */ = {
			isa = PBXGroup;
			children = (
				7245794A2E6B36E800930CCA /* psn_decoder.hpp */,
				7245794B2E6B36E800930CCA /* psn_decoder_impl.hpp */,
				7245794C2E6B36E800930CCA /* psn_defs.hpp */,
				7245794D2E6B36E800930CCA /* psn_encoder.hpp */,
				7245794E2E6B36E800930CCA /* psn_encoder_impl.hpp */,
				7245794F2E6B36E800930CCA /* psn_lib.hpp */,
			);
			path = psn;
			sourceTree = "<group>";
		};
		724579502E6B375B00930CCA /* artnet */ = {
			isa = PBXGroup;
			children = (
				724579512E6B378200930CCA /* artnet.h */,
				724579522E6B378200930CCA /* artnet.c */,
				724579532E6B378200930CCA /* common.h */,
				724579542E6B378200930CCA /* misc.h */,
				724579552E6B378200930CCA /* misc.c */,
				724579562E6B378200930CCA /* network.c */,
				724579572E6B378200930CCA /* packets.h */,
				724579582E6B378200930CCA /* private.h */,
				724579592E6B378200930CCA /* receive.c */,
				7245795A2E6B378200930CCA /* tod.h */,
				7245795B2E6B378200930CCA /* tod.c */,
				7245795C2E6B378200930CCA /* transmit.c */,
			);
			path = artnet;
			sourceTree = "<group>";
		};
		7245797F2E6B39C400930CCA /* OSX */ = {
			isa = PBXGroup;
			children = (
				7245797C2E6B39C400930CCA /* OSX_StreamACNCliInterface.h */,
				7245797D2E6B39C400930CCA /* OSXStreamClient.h */,
				7245797E2E6B39C400930CCA /* OSXStreamClient.cpp */,
			);
			path = OSX;
			sourceTree = "<group>";
		};
		724579822E6B39C400930CCA /* Src */ = {
			isa = PBXGroup;
			children = (
				724579802E6B39C400930CCA /* StreamClient.h */,
				724579812E6B39C400930CCA /* StreamClient.cpp */,
			);
			path = Src;
			sourceTree = "<group>";
		};
		724579882E6B39C400930CCA /* Client */ = {
			isa = PBXGroup;
			children = (
				7245797F2E6B39C400930CCA /* OSX */,
				724579822E6B39C400930CCA /* Src */,
				724579872E6B39C400930CCA /* StreamACNCliInterface.h */,
			);
			path = Client;
			sourceTree = "<group>";
		};
		7245798B2E6B39C400930CCA /* Common */ = {
			isa = PBXGroup;
			children = (
				724579892E6B39C400930CCA /* streamcommon.h */,
				7245798A2E6B39C400930CCA /* streamcommon.cpp */,
			);
			path = Common;
			sourceTree = "<group>";
		};
		7245798F2E6B39C400930CCA /* OSX */ = {
			isa = PBXGroup;
			children = (
				7245798C2E6B39C400930CCA /* OSX_StreamACNSrvInterface.h */,
				7245798D2E6B39C400930CCA /* OSXStreamServer.h */,
				7245798E2E6B39C400930CCA /* OSXStreamServer.cpp */,
			);
			path = OSX;
			sourceTree = "<group>";
		};
		724579922E6B39C400930CCA /* Src */ = {
			isa = PBXGroup;
			children = (
				724579902E6B39C400930CCA /* StreamServer.h */,
				724579912E6B39C400930CCA /* StreamServer.cpp */,
			);
			path = Src;
			sourceTree = "<group>";
		};
		724579982E6B39C400930CCA /* Server */ = {
			isa = PBXGroup;
			children = (
				7245798F2E6B39C400930CCA /* OSX */,
				724579922E6B39C400930CCA /* Src */,
				724579972E6B39C400930CCA /* StreamACNSrvInterface.h */,
			);
			path = Server;
			sourceTree = "<group>";
		};
		724579992E6B39C400930CCA /* StreamingACN */ = {
			isa = PBXGroup;
			children = (
				724579882E6B39C400930CCA /* Client */,
				7245798B2E6B39C400930CCA /* Common */,
				724579982E6B39C400930CCA /* Server */,
			);
			path = StreamingACN;
			sourceTree = "<group>";
		};
		7245799C2E6B39C400930CCA /* VHD */ = {
			isa = PBXGroup;
			children = (
				7245799A2E6B39C400930CCA /* VHD.h */,
				7245799B2E6B39C400930CCA /* VHD.cpp */,
			);
			path = VHD;
			sourceTree = "<group>";
		};
		7245799D2E6B39C400930CCA /* ACN */ = {
			isa = PBXGroup;
			children = (
				724579992E6B39C400930CCA /* StreamingACN */,
				7245799C2E6B39C400930CCA /* VHD */,
			);
			path = ACN;
			sourceTree = "<group>";
		};
		724579A02E6B39C400930CCA /* Src */ = {
			isa = PBXGroup;
			children = (
				7245799E2E6B39C400930CCA /* CID.cpp */,
				7245799F2E6B39C400930CCA /* ipaddr.cpp */,
			);
			path = Src;
			sourceTree = "<group>";
		};
		724579A32E6B39C400930CCA /* ACNTypes */ = {
			isa = PBXGroup;
			children = (
				724579A02E6B39C400930CCA /* Src */,
				724579A12E6B39C400930CCA /* CID.h */,
				724579A22E6B39C400930CCA /* ipaddr.h */,
			);
			path = ACNTypes;
			sourceTree = "<group>";
		};
		724579AB2E6B39C400930CCA /* OSX */ = {
			isa = PBXGroup;
			children = (
				724579A62E6B39C400930CCA /* AsyncSocketServ_select.h */,
				724579A72E6B39C400930CCA /* AsyncSocketServ_select.cpp */,
				724579A82E6B39C400930CCA /* IfaceSupport.h */,
				724579A92E6B39C400930CCA /* IfaceSupport.cpp */,
				724579AA2E6B39C400930CCA /* OSX_AsyncSocketInterface.h */,
			);
			path = OSX;
			sourceTree = "<group>";
		};
		724579AF2E6B39C400930CCA /* Src */ = {
			isa = PBXGroup;
			children = (
				724579AC2E6B39C400930CCA /* SockUtil.h */,
				724579AD2E6B39C400930CCA /* Subscriptions.h */,
				724579AE2E6B39C400930CCA /* Subscriptions.cpp */,
			);
			path = Src;
			sourceTree = "<group>";
		};
		724579B52E6B39C400930CCA /* AsyncSocket */ = {
			isa = PBXGroup;
			children = (
				724579AB2E6B39C400930CCA /* OSX */,
				724579AF2E6B39C400930CCA /* Src */,
				724579B42E6B39C400930CCA /* AsyncSocketInterface.h */,
			);
			path = AsyncSocket;
			sourceTree = "<group>";
		};
		724579B72E6B39C400930CCA /* OSX */ = {
			isa = PBXGroup;
			children = (
				724579B62E6B39C400930CCA /* defpack.h */,
			);
			path = OSX;
			sourceTree = "<group>";
		};
		724579BA2E6B39C400930CCA /* defpack */ = {
			isa = PBXGroup;
			children = (
				724579B72E6B39C400930CCA /* OSX */,
			);
			path = defpack;
			sourceTree = "<group>";
		};
		724579C32E6B39C400930CCA /* OSX */ = {
			isa = PBXGroup;
			children = (
				724579BB2E6B39C400930CCA /* interlock.h */,
				724579BC2E6B39C400930CCA /* interlock.cpp */,
				724579BD2E6B39C400930CCA /* MemPool.h */,
				724579BE2E6B39C400930CCA /* MemPool.cpp */,
				724579BF2E6B39C400930CCA /* ObjectSync.h */,
				724579C02E6B39C400930CCA /* ObjectSync.cpp */,
				724579C12E6B39C400930CCA /* ReaderWriter.h */,
				724579C22E6B39C400930CCA /* ReaderWriter.cpp */,
			);
			path = OSX;
			sourceTree = "<group>";
		};
		724579CB2E6B39C400930CCA /* ObjectSync */ = {
			isa = PBXGroup;
			children = (
				724579C32E6B39C400930CCA /* OSX */,
			);
			path = ObjectSync;
			sourceTree = "<group>";
		};
		724579CD2E6B39C400930CCA /* OSX */ = {
			isa = PBXGroup;
			children = (
				724579CC2E6B39C400930CCA /* tock.cpp */,
			);
			path = OSX;
			sourceTree = "<group>";
		};
		724579D12E6B39C400930CCA /* Tock */ = {
			isa = PBXGroup;
			children = (
				724579CD2E6B39C400930CCA /* OSX */,
				724579D02E6B39C400930CCA /* tock.h */,
			);
			path = Tock;
			sourceTree = "<group>";
		};
		724579D22E6B39C400930CCA /* Network_Common */ = {
			isa = PBXGroup;
			children = (
				724579A32E6B39C400930CCA /* ACNTypes */,
				724579B52E6B39C400930CCA /* AsyncSocket */,
				724579BA2E6B39C400930CCA /* defpack */,
				724579CB2E6B39C400930CCA /* ObjectSync */,
				724579D12E6B39C400930CCA /* Tock */,
			);
			path = Network_Common;
			sourceTree = "<group>";
		};
		724579D42E6B39C400930CCA /* OSX */ = {
			isa = PBXGroup;
			children = (
				724579D32E6B39C400930CCA /* deftypes.h */,
			);
			path = OSX;
			sourceTree = "<group>";
		};
		724579D72E6B39C400930CCA /* Onyx_Common */ = {
			isa = PBXGroup;
			children = (
				724579D42E6B39C400930CCA /* OSX */,
			);
			path = Onyx_Common;
			sourceTree = "<group>";
		};
		724579D82E6B39C400930CCA /* sACN */ = {
			isa = PBXGroup;
			children = (
				7245799D2E6B39C400930CCA /* ACN */,
				724579D22E6B39C400930CCA /* Network_Common */,
				724579D72E6B39C400930CCA /* Onyx_Common */,
			);
			path = sACN;
			sourceTree = "<group>";
		};
		9730C2EA1AB7C1C00039899F /* Resources */ = {
			isa = PBXGroup;
			children = (
				9730C2EB1AB7C1CE0039899F /* eos.icns */,
			);
			name = Resources;
			sourceTree = "<group>";
		};
		97E1372D1AB289DC0056BE05 /* Products */ = {
			isa = PBXGroup;
			children = (
				97E1372C1AB289DC0056BE05 /* OSCRouter.app */,
			);
			name = Products;
			sourceTree = "<group>";
		};
		97E137301AB28C0D0056BE05 /* EosSyncLib */ = {
			isa = PBXGroup;
			children = (
				97E137391AB28C400056BE05 /* Sources */,
			);
			name = EosSyncLib;
			sourceTree = "<group>";
		};
		97E137311AB28C1A0056BE05 /* OSCRouter */ = {
			isa = PBXGroup;
			children = (
				724579502E6B375B00930CCA /* artnet */,
				97E137581AB291620056BE05 /* Frameworks */,
				97E1372D1AB289DC0056BE05 /* Products */,
				724579492E6B36CE00930CCA /* psn */,
				9730C2EA1AB7C1C00039899F /* Resources */,
				724579D82E6B39C400930CCA /* sACN */,
				97E137321AB28C2A0056BE05 /* Sources */,
			);
			name = OSCRouter;
			sourceTree = "<group>";
		};
		97E137321AB28C2A0056BE05 /* Sources */ = {
			isa = PBXGroup;
			children = (
				977D1FAF1BC4CD2E00CDAFB4 /* EosPlatform.h */,
				977D1FB01BC4CE6200CDAFB4 /* EosPlatform.cpp */,
				977D1FB31BC4CF0100CDAFB4 /* EosPlatform_Mac.h */,
				977D1FB21BC4CF0100CDAFB4 /* EosPlatform_Mac.cpp */,
				977D1FB61BC4D6E800CDAFB4 /* EosPlatform_Mac_Bridge.h */,
				97B5A2201BFCF8CE001B1AC7 /* EosPlatform_Mac_Native.h */,
				977D1FB81BC4D8B600CDAFB4 /* EosPlatform_Mac_Native.mm */,
				97965F631B6C1311006C8852 /* ItemState.h */,
				97965F621B6C1311006C8852 /* ItemState.cpp */,
				720F4E962C6C5EDF006EDBBA /* LogWidget.h */,
				720F4E972C6C5EDF006EDBBA /* LogWidget.cpp */,
				97E137331AB28C3A0056BE05 /* main.cpp */,
				97E137351AB28C3A0056BE05 /* MainWindow.h */,
				97E137341AB28C3A0056BE05 /* MainWindow.cpp */,
				720F4E952C6C5EDF006EDBBA /* moc_LogWidget.cpp */,
				9730C2E51AB7C0230039899F /* moc_MainWindow.cpp */,
				97965F651B6C1311006C8852 /* NetworkUtils.h */,
				97965F641B6C1311006C8852 /* NetworkUtils.cpp */,
				724579F22E6B443600930CCA /* qt.qrc.cpp */,
				97E137361AB28C3A0056BE05 /* QtInclude.h */,
				97965F671B6C1311006C8852 /* Router.h */,
				97965F661B6C1311006C8852 /* Router.cpp */,
			);
			name = Sources;
			sourceTree = "<group>";
		};
		97E137391AB28C400056BE05 /* Sources */ = {
			isa = PBXGroup;
			children = (
				979091D51B1912D400E4291B /* EosUdp_Mac.cpp */,
				979091D61B1912D400E4291B /* EosUdp_Mac.h */,
				979091D71B1912D400E4291B /* EosUdp.cpp */,
				979091D81B1912D400E4291B /* EosUdp.h */,
				97E1373A1AB28C720056BE05 /* EosLog.cpp */,
				97E1373B1AB28C720056BE05 /* EosLog.h */,
				97E1373C1AB28C720056BE05 /* EosOsc.cpp */,
				97E1373D1AB28C720056BE05 /* EosOsc.h */,
				97E1373E1AB28C720056BE05 /* EosSyncLib.cpp */,
				97E1373F1AB28C720056BE05 /* EosSyncLib.h */,
				97E137401AB28C720056BE05 /* EosTcp_Mac.cpp */,
				97E137411AB28C720056BE05 /* EosTcp_Mac.h */,
				97E137421AB28C720056BE05 /* EosTcp.cpp */,
				97E137431AB28C720056BE05 /* EosTcp.h */,
				97E137441AB28C720056BE05 /* EosTimer.cpp */,
				97E137451AB28C720056BE05 /* EosTimer.h */,
				97E137461AB28C720056BE05 /* OSCParser.cpp */,
				97E137471AB28C720056BE05 /* OSCParser.h */,
			);
			name = Sources;
			sourceTree = "<group>";
		};
		97E137581AB291620056BE05 /* Frameworks */ = {
			isa = PBXGroup;
			children = (
				692D5B5B1FD5D415003CBAA4 /* QtCore.framework */,
				692D5B591FD5D415003CBAA4 /* QtGui.framework */,
				692D5B5C1FD5D415003CBAA4 /* QtNetwork.framework */,
				692D5B5A1FD5D415003CBAA4 /* QtWidgets.framework */,
				72BA0CD22C5D9B340017E069 /* QtQml.framework */,
			);
			name = Frameworks;
			sourceTree = "<group>";
		};
/* End PBXGroup section */

/* Begin PBXNativeTarget section */
		2A117425011F346368EBD065 /* OSCRouter */ = {
			isa = PBXNativeTarget;
			buildConfigurationList = 17B3380A4D6A7D415E7F2E1E /* Build configuration list for PBXNativeTarget "OSCRouter" */;
			buildPhases = (
				97E137551AB28E930056BE05 /* moc MainWindow */,
				720F4E932C6C5DD7006EDBBA /* moc LogWidget */,
				724579F12E6B435400930CCA /* rcc */,
				C29B8785722055ED95EF7B57 /* Build Sources */,
				2A1043669E6E5A7426EA502A /* Frameworks & Libraries */,
				3787F99312C85FF0073FD7BA /* Bundle Resources */,
				9730C2E91AB7C0BB0039899F /* Bundle Frameworks */,
			);
			buildRules = (
			);
			dependencies = (
			);
			name = OSCRouter;
			productName = OSCRouter;
			productReference = 97E1372C1AB289DC0056BE05 /* OSCRouter.app */;
			productType = "com.apple.product-type.application";
		};
/* End PBXNativeTarget section */

/* Begin PBXProject section */
		91B15E841AA80083484172DE /* Project object */ = {
			isa = PBXProject;
			attributes = {
				LastUpgradeCheck = 0830;
			};
			buildConfigurationList = CC82A9286117DFED018F418F /* Build configuration list for PBXProject "OSCRouter" */;
			compatibilityVersion = "Xcode 3.2";
			developmentRegion = English;
			hasScannedForEncodings = 1;
			knownRegions = (
				English,
				en,
			);
			mainGroup = 05596AB53D8D521C69802C27 /* OSCRouter */;
			productRefGroup = 97E1372D1AB289DC0056BE05 /* Products */;
			projectDirPath = "";
			projectRoot = "";
			targets = (
				2A117425011F346368EBD065 /* OSCRouter */,
			);
		};
/* End PBXProject section */

/* Begin PBXResourcesBuildPhase section */
		3787F99312C85FF0073FD7BA /* Bundle Resources */ = {
			isa = PBXResourcesBuildPhase;
			buildActionMask = 2147483647;
			files = (
				9730C2EC1AB7C1CE0039899F /* eos.icns in Bundle Resources */,
			);
			name = "Bundle Resources";
			runOnlyForDeploymentPostprocessing = 0;
		};
/* End PBXResourcesBuildPhase section */

/* Begin PBXShellScriptBuildPhase section */
		720F4E932C6C5DD7006EDBBA /* moc LogWidget */ = {
			isa = PBXShellScriptBuildPhase;
			buildActionMask = 2147483647;
			files = (
			);
			inputFileListPaths = (
			);
			inputPaths = (
				"$(SRCROOT)/OSCRouter/LogWidget.h",
			);
			name = "moc LogWidget";
			outputFileListPaths = (
			);
			outputPaths = (
				"$(SRCROOT)/OSCRouter/moc_LogWidget.cpp",
			);
			runOnlyForDeploymentPostprocessing = 0;
			shellPath = /bin/sh;
			shellScript = "/usr/local/Qt/6.9.2/macos/libexec/moc ${SRCROOT}/OSCRouter/LogWidget.h -o ${SRCROOT}/OSCRouter/moc_LogWidget.cpp\n";
		};
		724579F12E6B435400930CCA /* rcc */ = {
			isa = PBXShellScriptBuildPhase;
			buildActionMask = 2147483647;
			files = (
			);
			inputFileListPaths = (
			);
			inputPaths = (
				"$(SRCROOT)/OSCRouter/qt.qrc",
			);
			name = rcc;
			outputFileListPaths = (
			);
			outputPaths = (
				"$(SRCROOT)/OSCRouter/qt.qrc.cpp",
			);
			runOnlyForDeploymentPostprocessing = 0;
			shellPath = /bin/sh;
			shellScript = "/usr/local/Qt/6.9.2/macos/libexec/rcc -no-compress ${SRCROOT}/OSCRouter/qt.qrc -o ${SRCROOT}/OSCRouter/qt.qrc.cpp\n";
		};
		9730C2E91AB7C0BB0039899F /* Bundle Frameworks */ = {
			isa = PBXShellScriptBuildPhase;
			buildActionMask = 2147483647;
			files = (
			);
			inputPaths = (
			);
			name = "Bundle Frameworks";
			outputPaths = (
			);
			runOnlyForDeploymentPostprocessing = 0;
			shellPath = /bin/sh;
			shellScript = "/usr/local/Qt/6.9.2/macos/bin/macdeployqt \"${CONFIGURATION_BUILD_DIR}/${PRODUCT_NAME}.${WRAPPER_EXTENSION}\"\n";
		};
		97E137551AB28E930056BE05 /* moc MainWindow */ = {
			isa = PBXShellScriptBuildPhase;
			buildActionMask = 2147483647;
			files = (
			);
			inputPaths = (
				"$(SRCROOT)/OSCRouter/MainWindow.h",
			);
			name = "moc MainWindow";
			outputPaths = (
				"$(SRCROOT)/OSCRouter/moc_MainWindow.cpp",
			);
			runOnlyForDeploymentPostprocessing = 0;
			shellPath = /bin/sh;
			shellScript = "/usr/local/Qt/6.9.2/macos/libexec/moc ${SRCROOT}/OSCRouter/MainWindow.h -o ${SRCROOT}/OSCRouter/moc_MainWindow.cpp\n";
		};
/* End PBXShellScriptBuildPhase section */

/* Begin PBXSourcesBuildPhase section */
		C29B8785722055ED95EF7B57 /* Build Sources */ = {
			isa = PBXSourcesBuildPhase;
			buildActionMask = 2147483647;
			files = (
				720F4E992C6C5EDF006EDBBA /* LogWidget.cpp in Build Sources */,
				720F4E982C6C5EDF006EDBBA /* moc_LogWidget.cpp in Build Sources */,
				97E137381AB28C3A0056BE05 /* MainWindow.cpp in Build Sources */,
				97E137481AB28C720056BE05 /* EosLog.cpp in Build Sources */,
				97965F691B6C1311006C8852 /* NetworkUtils.cpp in Build Sources */,
				977D1FB41BC4CF0100CDAFB4 /* EosPlatform_Mac.cpp in Build Sources */,
				979091DA1B1912D400E4291B /* EosUdp.cpp in Build Sources */,
				724579F32E6B443600930CCA /* qt.qrc.cpp in Build Sources */,
				97E1374E1AB28C720056BE05 /* OSCParser.cpp in Build Sources */,
				97E137371AB28C3A0056BE05 /* main.cpp in Build Sources */,
				9730C2E71AB7C0230039899F /* moc_MainWindow.cpp in Build Sources */,
				97E1374B1AB28C720056BE05 /* EosTcp_Mac.cpp in Build Sources */,
				977D1FB91BC4D8B600CDAFB4 /* EosPlatform_Mac_Native.mm in Build Sources */,
				97E1374C1AB28C720056BE05 /* EosTcp.cpp in Build Sources */,
				97E1374D1AB28C720056BE05 /* EosTimer.cpp in Build Sources */,
				979091D91B1912D400E4291B /* EosUdp_Mac.cpp in Build Sources */,
				97965F681B6C1311006C8852 /* ItemState.cpp in Build Sources */,
				977D1FB11BC4CE6200CDAFB4 /* EosPlatform.cpp in Build Sources */,
				97E137491AB28C720056BE05 /* EosOsc.cpp in Build Sources */,
				97965F6A1B6C1311006C8852 /* Router.cpp in Build Sources */,
				97E1374A1AB28C720056BE05 /* EosSyncLib.cpp in Build Sources */,
				724579D92E6B39C400930CCA /* MemPool.cpp in Build Sources */,
				724579DB2E6B39C400930CCA /* StreamClient.cpp in Build Sources */,
				724579DC2E6B39C400930CCA /* OSXStreamServer.cpp in Build Sources */,
				724579DE2E6B39C400930CCA /* ObjectSync.cpp in Build Sources */,
				724579DF2E6B39C400930CCA /* IfaceSupport.cpp in Build Sources */,
				724579E12E6B39C400930CCA /* tock.cpp in Build Sources */,
				724579E22E6B39C400930CCA /* CID.cpp in Build Sources */,
				724579E42E6B39C400930CCA /* OSXStreamClient.cpp in Build Sources */,
				724579E62E6B39C400930CCA /* streamcommon.cpp in Build Sources */,
				724579E72E6B39C400930CCA /* Subscriptions.cpp in Build Sources */,
				724579E92E6B39C400930CCA /* VHD.cpp in Build Sources */,
				724579EA2E6B39C400930CCA /* ipaddr.cpp in Build Sources */,
				724579EC2E6B39C400930CCA /* AsyncSocketServ_select.cpp in Build Sources */,
				724579ED2E6B39C400930CCA /* ReaderWriter.cpp in Build Sources */,
				724579EE2E6B39C400930CCA /* StreamServer.cpp in Build Sources */,
				724579F02E6B39C400930CCA /* interlock.cpp in Build Sources */,
				7245795D2E6B378200930CCA /* transmit.c in Build Sources */,
				7245795E2E6B378200930CCA /* receive.c in Build Sources */,
				7245795F2E6B378200930CCA /* tod.c in Build Sources */,
				724579602E6B378200930CCA /* misc.c in Build Sources */,
				724579612E6B378200930CCA /* artnet.c in Build Sources */,
				724579622E6B378200930CCA /* network.c in Build Sources */,
			);
			name = "Build Sources";
			runOnlyForDeploymentPostprocessing = 0;
		};
/* End PBXSourcesBuildPhase section */

/* Begin XCBuildConfiguration section */
		4B72B24813252891014BCF61 /* Debug */ = {
			isa = XCBuildConfiguration;
			buildSettings = {
				ALWAYS_SEARCH_USER_PATHS = NO;
				ARCHS = "$(ARCHS_STANDARD)";
				CLANG_CXX_LANGUAGE_STANDARD = "c++17";
				CLANG_WARN_BOOL_CONVERSION = YES;
				CLANG_WARN_CONSTANT_CONVERSION = YES;
				CLANG_WARN_EMPTY_BODY = YES;
				CLANG_WARN_ENUM_CONVERSION = YES;
				CLANG_WARN_INFINITE_RECURSION = YES;
				CLANG_WARN_INT_CONVERSION = YES;
				CLANG_WARN_SUSPICIOUS_MOVE = YES;
				CLANG_WARN_UNREACHABLE_CODE = YES;
				CLANG_WARN__DUPLICATE_METHOD_MATCH = YES;
				COPY_PHASE_STRIP = NO;
				ENABLE_STRICT_OBJC_MSGSEND = YES;
				ENABLE_TESTABILITY = YES;
				GCC_GENERATE_DEBUGGING_SYMBOLS = YES;
				GCC_NO_COMMON_BLOCKS = YES;
				GCC_OPTIMIZATION_LEVEL = 0;
				GCC_WARN_64_TO_32_BIT_CONVERSION = YES;
				GCC_WARN_ABOUT_RETURN_TYPE = YES;
				GCC_WARN_UNDECLARED_SELECTOR = YES;
				GCC_WARN_UNINITIALIZED_AUTOS = YES;
				GCC_WARN_UNUSED_FUNCTION = YES;
				GCC_WARN_UNUSED_VARIABLE = YES;
				INFOPLIST_FILE = Info.plist;
				MACOSX_DEPLOYMENT_TARGET = 10.6;
				ONLY_ACTIVE_ARCH = YES;
				OTHER_LDFLAGS = "-headerpad_max_install_names";
				PRODUCT_NAME = OSCRouter;
				SDKROOT = macosx;
			};
			name = Debug;
		};
		8C7174830A1E4DCBA0332EC1 /* Release */ = {
			isa = XCBuildConfiguration;
			buildSettings = {
				CODE_SIGN_IDENTITY = "";
				COPY_PHASE_STRIP = YES;
				FRAMEWORK_SEARCH_PATHS = (
					"$(inherited)",
					"$(LOCAL_LIBRARY_DIR)/Frameworks",
					/usr/local/Qt/6.9.2/macos/lib,
				);
				GCC_GENERATE_DEBUGGING_SYMBOLS = NO;
				GCC_PREPROCESSOR_DEFINITIONS = HAVE_SOCKADDR_SA_LEN;
				HEADER_SEARCH_PATHS = (
					.,
					artnet,
				);
				LD_RUNPATH_SEARCH_PATHS = "@executable_path/../Frameworks";
				MACOSX_DEPLOYMENT_TARGET = 10.15;
				PRODUCT_BUNDLE_IDENTIFIER = com.etc.OSCRouter;
				PRODUCT_NAME = OSCRouter;
			};
			name = Release;
		};
		BEC09A62E69C3553534FF35E /* Debug */ = {
			isa = XCBuildConfiguration;
			buildSettings = {
				CODE_SIGN_IDENTITY = "";
				COPY_PHASE_STRIP = NO;
				DEBUG_INFORMATION_FORMAT = "dwarf-with-dsym";
				FRAMEWORK_SEARCH_PATHS = (
					"$(inherited)",
					"$(LOCAL_LIBRARY_DIR)/Frameworks",
					/usr/local/Qt/6.9.2/macos/lib,
				);
				GCC_GENERATE_DEBUGGING_SYMBOLS = YES;
				GCC_OPTIMIZATION_LEVEL = 0;
				GCC_PREPROCESSOR_DEFINITIONS = HAVE_SOCKADDR_SA_LEN;
				HEADER_SEARCH_PATHS = (
					.,
					artnet,
				);
				LD_RUNPATH_SEARCH_PATHS = "@executable_path/../Frameworks";
				MACOSX_DEPLOYMENT_TARGET = 10.15;
				PRODUCT_BUNDLE_IDENTIFIER = com.etc.OSCRouter;
				PRODUCT_NAME = OSCRouter;
				STRIP_INSTALLED_PRODUCT = NO;
			};
			name = Debug;
		};
		D70590BEB531B51029F711BB /* Release */ = {
			isa = XCBuildConfiguration;
			buildSettings = {
				ALWAYS_SEARCH_USER_PATHS = NO;
				ARCHS = "$(ARCHS_STANDARD)";
				CLANG_CXX_LANGUAGE_STANDARD = "c++17";
				CLANG_WARN_BOOL_CONVERSION = YES;
				CLANG_WARN_CONSTANT_CONVERSION = YES;
				CLANG_WARN_EMPTY_BODY = YES;
				CLANG_WARN_ENUM_CONVERSION = YES;
				CLANG_WARN_INFINITE_RECURSION = YES;
				CLANG_WARN_INT_CONVERSION = YES;
				CLANG_WARN_SUSPICIOUS_MOVE = YES;
				CLANG_WARN_UNREACHABLE_CODE = YES;
				CLANG_WARN__DUPLICATE_METHOD_MATCH = YES;
				COPY_PHASE_STRIP = YES;
				ENABLE_STRICT_OBJC_MSGSEND = YES;
				GCC_GENERATE_DEBUGGING_SYMBOLS = NO;
				GCC_NO_COMMON_BLOCKS = YES;
				GCC_WARN_64_TO_32_BIT_CONVERSION = YES;
				GCC_WARN_ABOUT_RETURN_TYPE = YES;
				GCC_WARN_UNDECLARED_SELECTOR = YES;
				GCC_WARN_UNINITIALIZED_AUTOS = YES;
				GCC_WARN_UNUSED_FUNCTION = YES;
				GCC_WARN_UNUSED_VARIABLE = YES;
				INFOPLIST_FILE = Info.plist;
				MACOSX_DEPLOYMENT_TARGET = 10.6;
				OTHER_LDFLAGS = "-headerpad_max_install_names";
				PRODUCT_NAME = OSCRouter;
				SDKROOT = macosx;
			};
			name = Release;
		};
/* End XCBuildConfiguration section */

/* Begin XCConfigurationList section */
		17B3380A4D6A7D415E7F2E1E /* Build configuration list for PBXNativeTarget "OSCRouter" */ = {
			isa = XCConfigurationList;
			buildConfigurations = (
				BEC09A62E69C3553534FF35E /* Debug */,
				8C7174830A1E4DCBA0332EC1 /* Release */,
			);
			defaultConfigurationIsVisible = 0;
			defaultConfigurationName = Release;
		};
		CC82A9286117DFED018F418F /* Build configuration list for PBXProject "OSCRouter" */ = {
			isa = XCConfigurationList;
			buildConfigurations = (
				4B72B24813252891014BCF61 /* Debug */,
				D70590BEB531B51029F711BB /* Release */,
			);
			defaultConfigurationIsVisible = 0;
			defaultConfigurationName = Release;
		};
/* End XCConfigurationList section */
	};
	rootObject = 91B15E841AA80083484172DE /* Project object */;
}
